// !$*UTF8*$!
{
	archiveVersion = 1;
	classes = {
	};
	objectVersion = 46;
	objects = {

/* Begin PBXAggregateTarget section */
		BF380A0E199FBFE300D6C745 /* all */ = {
			isa = PBXAggregateTarget;
			buildConfigurationList = BF380A0F199FBFE300D6C745 /* Build configuration list for PBXAggregateTarget "all" */;
			buildPhases = (
			);
			dependencies = (
				BF380A13199FBFEE00D6C745 /* PBXTargetDependency */,
				BF380A15199FBFEE00D6C745 /* PBXTargetDependency */,
				BF380A17199FBFEE00D6C745 /* PBXTargetDependency */,
				BF380A19199FBFEE00D6C745 /* PBXTargetDependency */,
				BF380A1B199FBFEE00D6C745 /* PBXTargetDependency */,
				BF380A1D199FBFEE00D6C745 /* PBXTargetDependency */,
			);
			name = all;
			productName = all;
		};
/* End PBXAggregateTarget section */

/* Begin PBXBuildFile section */
		BF38092E199FBD3E00D6C745 /* acmp-cmd.h in Headers */ = {isa = PBXBuildFile; fileRef = BF380926199FBD3E00D6C745 /* acmp-cmd.h */; };
		BF38092F199FBD3F00D6C745 /* acmp.h in Headers */ = {isa = PBXBuildFile; fileRef = BF380927199FBD3E00D6C745 /* acmp.h */; };
		BF380930199FBD3F00D6C745 /* adp-cmd.h in Headers */ = {isa = PBXBuildFile; fileRef = BF380928199FBD3E00D6C745 /* adp-cmd.h */; };
		BF380931199FBD3F00D6C745 /* adp.h in Headers */ = {isa = PBXBuildFile; fileRef = BF380929199FBD3E00D6C745 /* adp.h */; };
		BF380932199FBD3F00D6C745 /* aecp-cmd.h in Headers */ = {isa = PBXBuildFile; fileRef = BF38092A199FBD3E00D6C745 /* aecp-cmd.h */; };
		BF380933199FBD3F00D6C745 /* aecp.h in Headers */ = {isa = PBXBuildFile; fileRef = BF38092B199FBD3E00D6C745 /* aecp.h */; };
		BF380934199FBD3F00D6C745 /* avdecc-cmd.h in Headers */ = {isa = PBXBuildFile; fileRef = BF38092C199FBD3E00D6C745 /* avdecc-cmd.h */; };
		BF380935199FBD3F00D6C745 /* raw.h in Headers */ = {isa = PBXBuildFile; fileRef = BF38092D199FBD3E00D6C745 /* raw.h */; };
		BF38095A199FBD4F00D6C745 /* jdksavdecc_acmp_print.h in Headers */ = {isa = PBXBuildFile; fileRef = BF380936199FBD4F00D6C745 /* jdksavdecc_acmp_print.h */; };
		BF38095B199FBD4F00D6C745 /* jdksavdecc_acmp.h in Headers */ = {isa = PBXBuildFile; fileRef = BF380937199FBD4F00D6C745 /* jdksavdecc_acmp.h */; };
		BF38095C199FBD4F00D6C745 /* jdksavdecc_adp_print.h in Headers */ = {isa = PBXBuildFile; fileRef = BF380938199FBD4F00D6C745 /* jdksavdecc_adp_print.h */; };
		BF38095D199FBD4F00D6C745 /* jdksavdecc_adp.h in Headers */ = {isa = PBXBuildFile; fileRef = BF380939199FBD4F00D6C745 /* jdksavdecc_adp.h */; };
		BF38095E199FBD4F00D6C745 /* jdksavdecc_aecp_aa.h in Headers */ = {isa = PBXBuildFile; fileRef = BF38093A199FBD4F00D6C745 /* jdksavdecc_aecp_aa.h */; };
		BF38095F199FBD4F00D6C745 /* jdksavdecc_aecp_aem.h in Headers */ = {isa = PBXBuildFile; fileRef = BF38093B199FBD4F00D6C745 /* jdksavdecc_aecp_aem.h */; };
		BF380960199FBD4F00D6C745 /* jdksavdecc_aecp_avc.h in Headers */ = {isa = PBXBuildFile; fileRef = BF38093C199FBD4F00D6C745 /* jdksavdecc_aecp_avc.h */; };
		BF380961199FBD4F00D6C745 /* jdksavdecc_aecp_hdcp_apm.h in Headers */ = {isa = PBXBuildFile; fileRef = BF38093D199FBD4F00D6C745 /* jdksavdecc_aecp_hdcp_apm.h */; };
		BF380962199FBD4F00D6C745 /* jdksavdecc_aecp_print.h in Headers */ = {isa = PBXBuildFile; fileRef = BF38093E199FBD4F00D6C745 /* jdksavdecc_aecp_print.h */; };
		BF380963199FBD4F00D6C745 /* jdksavdecc_aecp_vendor.h in Headers */ = {isa = PBXBuildFile; fileRef = BF38093F199FBD4F00D6C745 /* jdksavdecc_aecp_vendor.h */; };
		BF380964199FBD4F00D6C745 /* jdksavdecc_aecp.h in Headers */ = {isa = PBXBuildFile; fileRef = BF380940199FBD4F00D6C745 /* jdksavdecc_aecp.h */; };
		BF380965199FBD5000D6C745 /* jdksavdecc_aem_command.h in Headers */ = {isa = PBXBuildFile; fileRef = BF380941199FBD4F00D6C745 /* jdksavdecc_aem_command.h */; };
		BF380966199FBD5000D6C745 /* jdksavdecc_aem_descriptor.h in Headers */ = {isa = PBXBuildFile; fileRef = BF380942199FBD4F00D6C745 /* jdksavdecc_aem_descriptor.h */; };
		BF380967199FBD5000D6C745 /* jdksavdecc_aem_print.h in Headers */ = {isa = PBXBuildFile; fileRef = BF380943199FBD4F00D6C745 /* jdksavdecc_aem_print.h */; };
		BF380968199FBD5000D6C745 /* jdksavdecc_app_print.h in Headers */ = {isa = PBXBuildFile; fileRef = BF380944199FBD4F00D6C745 /* jdksavdecc_app_print.h */; };
		BF380969199FBD5000D6C745 /* jdksavdecc_app.h in Headers */ = {isa = PBXBuildFile; fileRef = BF380945199FBD4F00D6C745 /* jdksavdecc_app.h */; };
		BF38096A199FBD5000D6C745 /* jdksavdecc_avr.h in Headers */ = {isa = PBXBuildFile; fileRef = BF380946199FBD4F00D6C745 /* jdksavdecc_avr.h */; };
		BF38096B199FBD5000D6C745 /* jdksavdecc_control.h in Headers */ = {isa = PBXBuildFile; fileRef = BF380947199FBD4F00D6C745 /* jdksavdecc_control.h */; };
		BF38096C199FBD5000D6C745 /* jdksavdecc_descriptor_storage_gen.h in Headers */ = {isa = PBXBuildFile; fileRef = BF380948199FBD4F00D6C745 /* jdksavdecc_descriptor_storage_gen.h */; };
		BF38096D199FBD5000D6C745 /* jdksavdecc_descriptor_storage.h in Headers */ = {isa = PBXBuildFile; fileRef = BF380949199FBD4F00D6C745 /* jdksavdecc_descriptor_storage.h */; };
		BF38096E199FBD5000D6C745 /* jdksavdecc_entity_model.h in Headers */ = {isa = PBXBuildFile; fileRef = BF38094A199FBD4F00D6C745 /* jdksavdecc_entity_model.h */; };
		BF38096F199FBD5000D6C745 /* jdksavdecc_frame.h in Headers */ = {isa = PBXBuildFile; fileRef = BF38094B199FBD4F00D6C745 /* jdksavdecc_frame.h */; };
		BF380970199FBD5000D6C745 /* jdksavdecc_jdks.h in Headers */ = {isa = PBXBuildFile; fileRef = BF38094C199FBD4F00D6C745 /* jdksavdecc_jdks.h */; };
		BF380971199FBD5000D6C745 /* jdksavdecc_maap_print.h in Headers */ = {isa = PBXBuildFile; fileRef = BF38094D199FBD4F00D6C745 /* jdksavdecc_maap_print.h */; };
		BF380972199FBD5000D6C745 /* jdksavdecc_maap.h in Headers */ = {isa = PBXBuildFile; fileRef = BF38094E199FBD4F00D6C745 /* jdksavdecc_maap.h */; };
		BF380973199FBD5000D6C745 /* jdksavdecc_ms.h in Headers */ = {isa = PBXBuildFile; fileRef = BF38094F199FBD4F00D6C745 /* jdksavdecc_ms.h */; };
		BF380974199FBD5000D6C745 /* jdksavdecc_msinttypes.h in Headers */ = {isa = PBXBuildFile; fileRef = BF380950199FBD4F00D6C745 /* jdksavdecc_msinttypes.h */; };
		BF380975199FBD5000D6C745 /* jdksavdecc_msstdint.h in Headers */ = {isa = PBXBuildFile; fileRef = BF380951199FBD4F00D6C745 /* jdksavdecc_msstdint.h */; };
		BF380976199FBD5000D6C745 /* jdksavdecc_pdu_print.h in Headers */ = {isa = PBXBuildFile; fileRef = BF380952199FBD4F00D6C745 /* jdksavdecc_pdu_print.h */; };
		BF380977199FBD5000D6C745 /* jdksavdecc_pdu.h in Headers */ = {isa = PBXBuildFile; fileRef = BF380953199FBD4F00D6C745 /* jdksavdecc_pdu.h */; };
		BF380978199FBD5000D6C745 /* jdksavdecc_print.h in Headers */ = {isa = PBXBuildFile; fileRef = BF380954199FBD4F00D6C745 /* jdksavdecc_print.h */; };
		BF380979199FBD5000D6C745 /* jdksavdecc_util.h in Headers */ = {isa = PBXBuildFile; fileRef = BF380955199FBD4F00D6C745 /* jdksavdecc_util.h */; };
		BF38097A199FBD5000D6C745 /* jdksavdecc_world.h in Headers */ = {isa = PBXBuildFile; fileRef = BF380956199FBD4F00D6C745 /* jdksavdecc_world.h */; };
		BF38097B199FBD5000D6C745 /* jdksavdecc.h in Headers */ = {isa = PBXBuildFile; fileRef = BF380957199FBD4F00D6C745 /* jdksavdecc.h */; };
		BF38097C199FBD5000D6C745 /* jdksavdecc_test_descriptor_storage.h in Headers */ = {isa = PBXBuildFile; fileRef = BF380959199FBD4F00D6C745 /* jdksavdecc_test_descriptor_storage.h */; };
		BF380985199FBD5F00D6C745 /* acmp-cmd.c in Sources */ = {isa = PBXBuildFile; fileRef = BF38097D199FBD5F00D6C745 /* acmp-cmd.c */; };
		BF380986199FBD5F00D6C745 /* acmp.c in Sources */ = {isa = PBXBuildFile; fileRef = BF38097E199FBD5F00D6C745 /* acmp.c */; };
		BF380987199FBD5F00D6C745 /* adp-cmd.c in Sources */ = {isa = PBXBuildFile; fileRef = BF38097F199FBD5F00D6C745 /* adp-cmd.c */; };
		BF380988199FBD5F00D6C745 /* adp.c in Sources */ = {isa = PBXBuildFile; fileRef = BF380980199FBD5F00D6C745 /* adp.c */; };
		BF380989199FBD5F00D6C745 /* aecp-cmd.c in Sources */ = {isa = PBXBuildFile; fileRef = BF380981199FBD5F00D6C745 /* aecp-cmd.c */; };
		BF38098A199FBD5F00D6C745 /* aecp.c in Sources */ = {isa = PBXBuildFile; fileRef = BF380982199FBD5F00D6C745 /* aecp.c */; };
		BF38098B199FBD5F00D6C745 /* avdecc-cmd.c in Sources */ = {isa = PBXBuildFile; fileRef = BF380983199FBD5F00D6C745 /* avdecc-cmd.c */; };
		BF38098C199FBD5F00D6C745 /* raw.c in Sources */ = {isa = PBXBuildFile; fileRef = BF380984199FBD5F00D6C745 /* raw.c */; };
		BF3809A3199FBD6B00D6C745 /* jdksavdecc_acmp_print.c in Sources */ = {isa = PBXBuildFile; fileRef = BF38098D199FBD6B00D6C745 /* jdksavdecc_acmp_print.c */; };
		BF3809A4199FBD6B00D6C745 /* jdksavdecc_adp_print.c in Sources */ = {isa = PBXBuildFile; fileRef = BF38098E199FBD6B00D6C745 /* jdksavdecc_adp_print.c */; };
		BF3809A5199FBD6B00D6C745 /* jdksavdecc_aecp_print.c in Sources */ = {isa = PBXBuildFile; fileRef = BF38098F199FBD6B00D6C745 /* jdksavdecc_aecp_print.c */; };
		BF3809A6199FBD6B00D6C745 /* jdksavdecc_aem_descriptor.c in Sources */ = {isa = PBXBuildFile; fileRef = BF380990199FBD6B00D6C745 /* jdksavdecc_aem_descriptor.c */; };
		BF3809A7199FBD6B00D6C745 /* jdksavdecc_aem_print.c in Sources */ = {isa = PBXBuildFile; fileRef = BF380991199FBD6B00D6C745 /* jdksavdecc_aem_print.c */; };
		BF3809A8199FBD6B00D6C745 /* jdksavdecc_app_print.c in Sources */ = {isa = PBXBuildFile; fileRef = BF380992199FBD6B00D6C745 /* jdksavdecc_app_print.c */; };
		BF3809A9199FBD6B00D6C745 /* jdksavdecc_app.c in Sources */ = {isa = PBXBuildFile; fileRef = BF380993199FBD6B00D6C745 /* jdksavdecc_app.c */; };
		BF3809AA199FBD6B00D6C745 /* jdksavdecc_control.c in Sources */ = {isa = PBXBuildFile; fileRef = BF380994199FBD6B00D6C745 /* jdksavdecc_control.c */; };
		BF3809AB199FBD6B00D6C745 /* jdksavdecc_descriptor_storage_gen.c in Sources */ = {isa = PBXBuildFile; fileRef = BF380995199FBD6B00D6C745 /* jdksavdecc_descriptor_storage_gen.c */; };
		BF3809AC199FBD6B00D6C745 /* jdksavdecc_descriptor_storage.c in Sources */ = {isa = PBXBuildFile; fileRef = BF380996199FBD6B00D6C745 /* jdksavdecc_descriptor_storage.c */; };
		BF3809AD199FBD6B00D6C745 /* jdksavdecc_entity_model.c in Sources */ = {isa = PBXBuildFile; fileRef = BF380997199FBD6B00D6C745 /* jdksavdecc_entity_model.c */; };
		BF3809AE199FBD6B00D6C745 /* jdksavdecc_frame.c in Sources */ = {isa = PBXBuildFile; fileRef = BF380998199FBD6B00D6C745 /* jdksavdecc_frame.c */; };
		BF3809AF199FBD6B00D6C745 /* jdksavdecc_jdks.c in Sources */ = {isa = PBXBuildFile; fileRef = BF380999199FBD6B00D6C745 /* jdksavdecc_jdks.c */; };
		BF3809B0199FBD6B00D6C745 /* jdksavdecc_maap_print.c in Sources */ = {isa = PBXBuildFile; fileRef = BF38099A199FBD6B00D6C745 /* jdksavdecc_maap_print.c */; };
		BF3809B1199FBD6B00D6C745 /* jdksavdecc_maap.c in Sources */ = {isa = PBXBuildFile; fileRef = BF38099B199FBD6B00D6C745 /* jdksavdecc_maap.c */; };
		BF3809B2199FBD6B00D6C745 /* jdksavdecc_pdu_print.c in Sources */ = {isa = PBXBuildFile; fileRef = BF38099C199FBD6B00D6C745 /* jdksavdecc_pdu_print.c */; };
		BF3809B3199FBD6B00D6C745 /* jdksavdecc_pdu.c in Sources */ = {isa = PBXBuildFile; fileRef = BF38099D199FBD6B00D6C745 /* jdksavdecc_pdu.c */; };
		BF3809B4199FBD6B00D6C745 /* jdksavdecc_print.c in Sources */ = {isa = PBXBuildFile; fileRef = BF38099E199FBD6B00D6C745 /* jdksavdecc_print.c */; };
		BF3809B5199FBD6B00D6C745 /* jdksavdecc_util.c in Sources */ = {isa = PBXBuildFile; fileRef = BF38099F199FBD6B00D6C745 /* jdksavdecc_util.c */; };
		BF3809B6199FBD6B00D6C745 /* jdksavdecc.c in Sources */ = {isa = PBXBuildFile; fileRef = BF3809A0199FBD6B00D6C745 /* jdksavdecc.c */; };
		BF3809F4199FBE9200D6C745 /* avdecc-discover.c in Sources */ = {isa = PBXBuildFile; fileRef = BF3809B8199FBD9900D6C745 /* avdecc-discover.c */; };
		BF3809F7199FBEA700D6C745 /* libavdecc-cmd.a in Frameworks */ = {isa = PBXBuildFile; fileRef = BF38091C199FBCEC00D6C745 /* libavdecc-cmd.a */; };
		BF3809FA199FBEBD00D6C745 /* avdecc-get-control.c in Sources */ = {isa = PBXBuildFile; fileRef = BF3809B9199FBD9900D6C745 /* avdecc-get-control.c */; };
		BF3809FB199FBEC000D6C745 /* libavdecc-cmd.a in Frameworks */ = {isa = PBXBuildFile; fileRef = BF38091C199FBCEC00D6C745 /* libavdecc-cmd.a */; };
		BF3809FE199FBECD00D6C745 /* avdecc-read-descriptor.c in Sources */ = {isa = PBXBuildFile; fileRef = BF3809BA199FBD9900D6C745 /* avdecc-read-descriptor.c */; };
		BF3809FF199FBED100D6C745 /* libavdecc-cmd.a in Frameworks */ = {isa = PBXBuildFile; fileRef = BF38091C199FBCEC00D6C745 /* libavdecc-cmd.a */; };
		BF380A02199FBEE400D6C745 /* avdecc-set-control.c in Sources */ = {isa = PBXBuildFile; fileRef = BF3809BB199FBD9900D6C745 /* avdecc-set-control.c */; };
		BF380A03199FBEE900D6C745 /* libavdecc-cmd.a in Frameworks */ = {isa = PBXBuildFile; fileRef = BF38091C199FBCEC00D6C745 /* libavdecc-cmd.a */; };
		BF380A06199FBF0800D6C745 /* avdecc.c in Sources */ = {isa = PBXBuildFile; fileRef = BF3809BC199FBD9900D6C745 /* avdecc.c */; };
		BF380A07199FBF0D00D6C745 /* libavdecc-cmd.a in Frameworks */ = {isa = PBXBuildFile; fileRef = BF38091C199FBCEC00D6C745 /* libavdecc-cmd.a */; };
		BF380A09199FBF5500D6C745 /* libpcap.dylib in Frameworks */ = {isa = PBXBuildFile; fileRef = BF380A08199FBF5500D6C745 /* libpcap.dylib */; };
		BF380A0A199FBF5B00D6C745 /* libpcap.dylib in Frameworks */ = {isa = PBXBuildFile; fileRef = BF380A08199FBF5500D6C745 /* libpcap.dylib */; };
		BF380A0B199FBF6200D6C745 /* libpcap.dylib in Frameworks */ = {isa = PBXBuildFile; fileRef = BF380A08199FBF5500D6C745 /* libpcap.dylib */; };
		BF380A0C199FBF6700D6C745 /* libpcap.dylib in Frameworks */ = {isa = PBXBuildFile; fileRef = BF380A08199FBF5500D6C745 /* libpcap.dylib */; };
		BF380A0D199FBF6C00D6C745 /* libpcap.dylib in Frameworks */ = {isa = PBXBuildFile; fileRef = BF380A08199FBF5500D6C745 /* libpcap.dylib */; };
/* End PBXBuildFile section */

/* Begin PBXContainerItemProxy section */
		BF3809F5199FBE9E00D6C745 /* PBXContainerItemProxy */ = {
			isa = PBXContainerItemProxy;
			containerPortal = BF380914199FBCEC00D6C745 /* Project object */;
			proxyType = 1;
			remoteGlobalIDString = BF38091B199FBCEC00D6C745;
			remoteInfo = "avdecc-cmd-lib";
		};
		BF3809F8199FBEB000D6C745 /* PBXContainerItemProxy */ = {
			isa = PBXContainerItemProxy;
			containerPortal = BF380914199FBCEC00D6C745 /* Project object */;
			proxyType = 1;
			remoteGlobalIDString = BF38091B199FBCEC00D6C745;
			remoteInfo = "avdecc-cmd-lib";
		};
		BF3809FC199FBEC700D6C745 /* PBXContainerItemProxy */ = {
			isa = PBXContainerItemProxy;
			containerPortal = BF380914199FBCEC00D6C745 /* Project object */;
			proxyType = 1;
			remoteGlobalIDString = BF38091B199FBCEC00D6C745;
			remoteInfo = "avdecc-cmd-lib";
		};
		BF380A00199FBEDB00D6C745 /* PBXContainerItemProxy */ = {
			isa = PBXContainerItemProxy;
			containerPortal = BF380914199FBCEC00D6C745 /* Project object */;
			proxyType = 1;
			remoteGlobalIDString = BF38091B199FBCEC00D6C745;
			remoteInfo = "avdecc-cmd-lib";
		};
		BF380A04199FBF0200D6C745 /* PBXContainerItemProxy */ = {
			isa = PBXContainerItemProxy;
			containerPortal = BF380914199FBCEC00D6C745 /* Project object */;
			proxyType = 1;
			remoteGlobalIDString = BF38091B199FBCEC00D6C745;
			remoteInfo = "avdecc-cmd-lib";
		};
		BF380A12199FBFEE00D6C745 /* PBXContainerItemProxy */ = {
			isa = PBXContainerItemProxy;
			containerPortal = BF380914199FBCEC00D6C745 /* Project object */;
			proxyType = 1;
			remoteGlobalIDString = BF38091B199FBCEC00D6C745;
			remoteInfo = "avdecc-cmd-lib";
		};
		BF380A14199FBFEE00D6C745 /* PBXContainerItemProxy */ = {
			isa = PBXContainerItemProxy;
			containerPortal = BF380914199FBCEC00D6C745 /* Project object */;
			proxyType = 1;
			remoteGlobalIDString = BF3809C0199FBDCB00D6C745;
			remoteInfo = "avdecc-discover";
		};
		BF380A16199FBFEE00D6C745 /* PBXContainerItemProxy */ = {
			isa = PBXContainerItemProxy;
			containerPortal = BF380914199FBCEC00D6C745 /* Project object */;
			proxyType = 1;
			remoteGlobalIDString = BF3809CB199FBDD700D6C745;
			remoteInfo = "avdecc-get-control";
		};
		BF380A18199FBFEE00D6C745 /* PBXContainerItemProxy */ = {
			isa = PBXContainerItemProxy;
			containerPortal = BF380914199FBCEC00D6C745 /* Project object */;
			proxyType = 1;
			remoteGlobalIDString = BF3809EC199FBE6C00D6C745;
			remoteInfo = "avdecc-set-control";
		};
		BF380A1A199FBFEE00D6C745 /* PBXContainerItemProxy */ = {
			isa = PBXContainerItemProxy;
			containerPortal = BF380914199FBCEC00D6C745 /* Project object */;
			proxyType = 1;
			remoteGlobalIDString = BF3809D6199FBDE500D6C745;
			remoteInfo = "avdecc-read-descriptor";
		};
		BF380A1C199FBFEE00D6C745 /* PBXContainerItemProxy */ = {
			isa = PBXContainerItemProxy;
			containerPortal = BF380914199FBCEC00D6C745 /* Project object */;
			proxyType = 1;
			remoteGlobalIDString = BF3809E1199FBE3900D6C745;
			remoteInfo = avdecc;
		};
/* End PBXContainerItemProxy section */

/* Begin PBXCopyFilesBuildPhase section */
		BF3809BF199FBDCB00D6C745 /* CopyFiles */ = {
			isa = PBXCopyFilesBuildPhase;
			buildActionMask = 2147483647;
			dstPath = /usr/share/man/man1/;
			dstSubfolderSpec = 0;
			files = (
			);
			runOnlyForDeploymentPostprocessing = 1;
		};
		BF3809CA199FBDD700D6C745 /* CopyFiles */ = {
			isa = PBXCopyFilesBuildPhase;
			buildActionMask = 2147483647;
			dstPath = /usr/share/man/man1/;
			dstSubfolderSpec = 0;
			files = (
			);
			runOnlyForDeploymentPostprocessing = 1;
		};
		BF3809D5199FBDE500D6C745 /* CopyFiles */ = {
			isa = PBXCopyFilesBuildPhase;
			buildActionMask = 2147483647;
			dstPath = /usr/share/man/man1/;
			dstSubfolderSpec = 0;
			files = (
			);
			runOnlyForDeploymentPostprocessing = 1;
		};
		BF3809E0199FBE3900D6C745 /* CopyFiles */ = {
			isa = PBXCopyFilesBuildPhase;
			buildActionMask = 2147483647;
			dstPath = /usr/share/man/man1/;
			dstSubfolderSpec = 0;
			files = (
			);
			runOnlyForDeploymentPostprocessing = 1;
		};
		BF3809EB199FBE6C00D6C745 /* CopyFiles */ = {
			isa = PBXCopyFilesBuildPhase;
			buildActionMask = 2147483647;
			dstPath = /usr/share/man/man1/;
			dstSubfolderSpec = 0;
			files = (
			);
			runOnlyForDeploymentPostprocessing = 1;
		};
/* End PBXCopyFilesBuildPhase section */

/* Begin PBXFileReference section */
		BF38091C199FBCEC00D6C745 /* libavdecc-cmd.a */ = {isa = PBXFileReference; explicitFileType = archive.ar; includeInIndex = 0; path = "libavdecc-cmd.a"; sourceTree = BUILT_PRODUCTS_DIR; };
		BF380926199FBD3E00D6C745 /* acmp-cmd.h */ = {isa = PBXFileReference; fileEncoding = 4; lastKnownFileType = sourcecode.c.h; name = "acmp-cmd.h"; path = "include/acmp-cmd.h"; sourceTree = "<group>"; };
		BF380927199FBD3E00D6C745 /* acmp.h */ = {isa = PBXFileReference; fileEncoding = 4; lastKnownFileType = sourcecode.c.h; name = acmp.h; path = include/acmp.h; sourceTree = "<group>"; };
		BF380928199FBD3E00D6C745 /* adp-cmd.h */ = {isa = PBXFileReference; fileEncoding = 4; lastKnownFileType = sourcecode.c.h; name = "adp-cmd.h"; path = "include/adp-cmd.h"; sourceTree = "<group>"; };
		BF380929199FBD3E00D6C745 /* adp.h */ = {isa = PBXFileReference; fileEncoding = 4; lastKnownFileType = sourcecode.c.h; name = adp.h; path = include/adp.h; sourceTree = "<group>"; };
		BF38092A199FBD3E00D6C745 /* aecp-cmd.h */ = {isa = PBXFileReference; fileEncoding = 4; lastKnownFileType = sourcecode.c.h; name = "aecp-cmd.h"; path = "include/aecp-cmd.h"; sourceTree = "<group>"; };
		BF38092B199FBD3E00D6C745 /* aecp.h */ = {isa = PBXFileReference; fileEncoding = 4; lastKnownFileType = sourcecode.c.h; name = aecp.h; path = include/aecp.h; sourceTree = "<group>"; };
		BF38092C199FBD3E00D6C745 /* avdecc-cmd.h */ = {isa = PBXFileReference; fileEncoding = 4; lastKnownFileType = sourcecode.c.h; name = "avdecc-cmd.h"; path = "include/avdecc-cmd.h"; sourceTree = "<group>"; };
		BF38092D199FBD3E00D6C745 /* raw.h */ = {isa = PBXFileReference; fileEncoding = 4; lastKnownFileType = sourcecode.c.h; name = raw.h; path = include/raw.h; sourceTree = "<group>"; };
		BF380936199FBD4F00D6C745 /* jdksavdecc_acmp_print.h */ = {isa = PBXFileReference; fileEncoding = 4; lastKnownFileType = sourcecode.c.h; name = jdksavdecc_acmp_print.h; path = "jdksavdecc-c/include/jdksavdecc_acmp_print.h"; sourceTree = "<group>"; };
		BF380937199FBD4F00D6C745 /* jdksavdecc_acmp.h */ = {isa = PBXFileReference; fileEncoding = 4; lastKnownFileType = sourcecode.c.h; name = jdksavdecc_acmp.h; path = "jdksavdecc-c/include/jdksavdecc_acmp.h"; sourceTree = "<group>"; };
		BF380938199FBD4F00D6C745 /* jdksavdecc_adp_print.h */ = {isa = PBXFileReference; fileEncoding = 4; lastKnownFileType = sourcecode.c.h; name = jdksavdecc_adp_print.h; path = "jdksavdecc-c/include/jdksavdecc_adp_print.h"; sourceTree = "<group>"; };
		BF380939199FBD4F00D6C745 /* jdksavdecc_adp.h */ = {isa = PBXFileReference; fileEncoding = 4; lastKnownFileType = sourcecode.c.h; name = jdksavdecc_adp.h; path = "jdksavdecc-c/include/jdksavdecc_adp.h"; sourceTree = "<group>"; };
		BF38093A199FBD4F00D6C745 /* jdksavdecc_aecp_aa.h */ = {isa = PBXFileReference; fileEncoding = 4; lastKnownFileType = sourcecode.c.h; name = jdksavdecc_aecp_aa.h; path = "jdksavdecc-c/include/jdksavdecc_aecp_aa.h"; sourceTree = "<group>"; };
		BF38093B199FBD4F00D6C745 /* jdksavdecc_aecp_aem.h */ = {isa = PBXFileReference; fileEncoding = 4; lastKnownFileType = sourcecode.c.h; name = jdksavdecc_aecp_aem.h; path = "jdksavdecc-c/include/jdksavdecc_aecp_aem.h"; sourceTree = "<group>"; };
		BF38093C199FBD4F00D6C745 /* jdksavdecc_aecp_avc.h */ = {isa = PBXFileReference; fileEncoding = 4; lastKnownFileType = sourcecode.c.h; name = jdksavdecc_aecp_avc.h; path = "jdksavdecc-c/include/jdksavdecc_aecp_avc.h"; sourceTree = "<group>"; };
		BF38093D199FBD4F00D6C745 /* jdksavdecc_aecp_hdcp_apm.h */ = {isa = PBXFileReference; fileEncoding = 4; lastKnownFileType = sourcecode.c.h; name = jdksavdecc_aecp_hdcp_apm.h; path = "jdksavdecc-c/include/jdksavdecc_aecp_hdcp_apm.h"; sourceTree = "<group>"; };
		BF38093E199FBD4F00D6C745 /* jdksavdecc_aecp_print.h */ = {isa = PBXFileReference; fileEncoding = 4; lastKnownFileType = sourcecode.c.h; name = jdksavdecc_aecp_print.h; path = "jdksavdecc-c/include/jdksavdecc_aecp_print.h"; sourceTree = "<group>"; };
		BF38093F199FBD4F00D6C745 /* jdksavdecc_aecp_vendor.h */ = {isa = PBXFileReference; fileEncoding = 4; lastKnownFileType = sourcecode.c.h; name = jdksavdecc_aecp_vendor.h; path = "jdksavdecc-c/include/jdksavdecc_aecp_vendor.h"; sourceTree = "<group>"; };
		BF380940199FBD4F00D6C745 /* jdksavdecc_aecp.h */ = {isa = PBXFileReference; fileEncoding = 4; lastKnownFileType = sourcecode.c.h; name = jdksavdecc_aecp.h; path = "jdksavdecc-c/include/jdksavdecc_aecp.h"; sourceTree = "<group>"; };
		BF380941199FBD4F00D6C745 /* jdksavdecc_aem_command.h */ = {isa = PBXFileReference; fileEncoding = 4; lastKnownFileType = sourcecode.c.h; name = jdksavdecc_aem_command.h; path = "jdksavdecc-c/include/jdksavdecc_aem_command.h"; sourceTree = "<group>"; };
		BF380942199FBD4F00D6C745 /* jdksavdecc_aem_descriptor.h */ = {isa = PBXFileReference; fileEncoding = 4; lastKnownFileType = sourcecode.c.h; name = jdksavdecc_aem_descriptor.h; path = "jdksavdecc-c/include/jdksavdecc_aem_descriptor.h"; sourceTree = "<group>"; };
		BF380943199FBD4F00D6C745 /* jdksavdecc_aem_print.h */ = {isa = PBXFileReference; fileEncoding = 4; lastKnownFileType = sourcecode.c.h; name = jdksavdecc_aem_print.h; path = "jdksavdecc-c/include/jdksavdecc_aem_print.h"; sourceTree = "<group>"; };
		BF380944199FBD4F00D6C745 /* jdksavdecc_app_print.h */ = {isa = PBXFileReference; fileEncoding = 4; lastKnownFileType = sourcecode.c.h; name = jdksavdecc_app_print.h; path = "jdksavdecc-c/include/jdksavdecc_app_print.h"; sourceTree = "<group>"; };
		BF380945199FBD4F00D6C745 /* jdksavdecc_app.h */ = {isa = PBXFileReference; fileEncoding = 4; lastKnownFileType = sourcecode.c.h; name = jdksavdecc_app.h; path = "jdksavdecc-c/include/jdksavdecc_app.h"; sourceTree = "<group>"; };
		BF380946199FBD4F00D6C745 /* jdksavdecc_avr.h */ = {isa = PBXFileReference; fileEncoding = 4; lastKnownFileType = sourcecode.c.h; name = jdksavdecc_avr.h; path = "jdksavdecc-c/include/jdksavdecc_avr.h"; sourceTree = "<group>"; };
		BF380947199FBD4F00D6C745 /* jdksavdecc_control.h */ = {isa = PBXFileReference; fileEncoding = 4; lastKnownFileType = sourcecode.c.h; name = jdksavdecc_control.h; path = "jdksavdecc-c/include/jdksavdecc_control.h"; sourceTree = "<group>"; };
		BF380948199FBD4F00D6C745 /* jdksavdecc_descriptor_storage_gen.h */ = {isa = PBXFileReference; fileEncoding = 4; lastKnownFileType = sourcecode.c.h; name = jdksavdecc_descriptor_storage_gen.h; path = "jdksavdecc-c/include/jdksavdecc_descriptor_storage_gen.h"; sourceTree = "<group>"; };
		BF380949199FBD4F00D6C745 /* jdksavdecc_descriptor_storage.h */ = {isa = PBXFileReference; fileEncoding = 4; lastKnownFileType = sourcecode.c.h; name = jdksavdecc_descriptor_storage.h; path = "jdksavdecc-c/include/jdksavdecc_descriptor_storage.h"; sourceTree = "<group>"; };
		BF38094A199FBD4F00D6C745 /* jdksavdecc_entity_model.h */ = {isa = PBXFileReference; fileEncoding = 4; lastKnownFileType = sourcecode.c.h; name = jdksavdecc_entity_model.h; path = "jdksavdecc-c/include/jdksavdecc_entity_model.h"; sourceTree = "<group>"; };
		BF38094B199FBD4F00D6C745 /* jdksavdecc_frame.h */ = {isa = PBXFileReference; fileEncoding = 4; lastKnownFileType = sourcecode.c.h; name = jdksavdecc_frame.h; path = "jdksavdecc-c/include/jdksavdecc_frame.h"; sourceTree = "<group>"; };
		BF38094C199FBD4F00D6C745 /* jdksavdecc_jdks.h */ = {isa = PBXFileReference; fileEncoding = 4; lastKnownFileType = sourcecode.c.h; name = jdksavdecc_jdks.h; path = "jdksavdecc-c/include/jdksavdecc_jdks.h"; sourceTree = "<group>"; };
		BF38094D199FBD4F00D6C745 /* jdksavdecc_maap_print.h */ = {isa = PBXFileReference; fileEncoding = 4; lastKnownFileType = sourcecode.c.h; name = jdksavdecc_maap_print.h; path = "jdksavdecc-c/include/jdksavdecc_maap_print.h"; sourceTree = "<group>"; };
		BF38094E199FBD4F00D6C745 /* jdksavdecc_maap.h */ = {isa = PBXFileReference; fileEncoding = 4; lastKnownFileType = sourcecode.c.h; name = jdksavdecc_maap.h; path = "jdksavdecc-c/include/jdksavdecc_maap.h"; sourceTree = "<group>"; };
		BF38094F199FBD4F00D6C745 /* jdksavdecc_ms.h */ = {isa = PBXFileReference; fileEncoding = 4; lastKnownFileType = sourcecode.c.h; name = jdksavdecc_ms.h; path = "jdksavdecc-c/include/jdksavdecc_ms.h"; sourceTree = "<group>"; };
		BF380950199FBD4F00D6C745 /* jdksavdecc_msinttypes.h */ = {isa = PBXFileReference; fileEncoding = 4; lastKnownFileType = sourcecode.c.h; name = jdksavdecc_msinttypes.h; path = "jdksavdecc-c/include/jdksavdecc_msinttypes.h"; sourceTree = "<group>"; };
		BF380951199FBD4F00D6C745 /* jdksavdecc_msstdint.h */ = {isa = PBXFileReference; fileEncoding = 4; lastKnownFileType = sourcecode.c.h; name = jdksavdecc_msstdint.h; path = "jdksavdecc-c/include/jdksavdecc_msstdint.h"; sourceTree = "<group>"; };
		BF380952199FBD4F00D6C745 /* jdksavdecc_pdu_print.h */ = {isa = PBXFileReference; fileEncoding = 4; lastKnownFileType = sourcecode.c.h; name = jdksavdecc_pdu_print.h; path = "jdksavdecc-c/include/jdksavdecc_pdu_print.h"; sourceTree = "<group>"; };
		BF380953199FBD4F00D6C745 /* jdksavdecc_pdu.h */ = {isa = PBXFileReference; fileEncoding = 4; lastKnownFileType = sourcecode.c.h; name = jdksavdecc_pdu.h; path = "jdksavdecc-c/include/jdksavdecc_pdu.h"; sourceTree = "<group>"; };
		BF380954199FBD4F00D6C745 /* jdksavdecc_print.h */ = {isa = PBXFileReference; fileEncoding = 4; lastKnownFileType = sourcecode.c.h; name = jdksavdecc_print.h; path = "jdksavdecc-c/include/jdksavdecc_print.h"; sourceTree = "<group>"; };
		BF380955199FBD4F00D6C745 /* jdksavdecc_util.h */ = {isa = PBXFileReference; fileEncoding = 4; lastKnownFileType = sourcecode.c.h; name = jdksavdecc_util.h; path = "jdksavdecc-c/include/jdksavdecc_util.h"; sourceTree = "<group>"; };
		BF380956199FBD4F00D6C745 /* jdksavdecc_world.h */ = {isa = PBXFileReference; fileEncoding = 4; lastKnownFileType = sourcecode.c.h; name = jdksavdecc_world.h; path = "jdksavdecc-c/include/jdksavdecc_world.h"; sourceTree = "<group>"; };
		BF380957199FBD4F00D6C745 /* jdksavdecc.h */ = {isa = PBXFileReference; fileEncoding = 4; lastKnownFileType = sourcecode.c.h; name = jdksavdecc.h; path = "jdksavdecc-c/include/jdksavdecc.h"; sourceTree = "<group>"; };
		BF380959199FBD4F00D6C745 /* jdksavdecc_test_descriptor_storage.h */ = {isa = PBXFileReference; fileEncoding = 4; lastKnownFileType = sourcecode.c.h; path = jdksavdecc_test_descriptor_storage.h; sourceTree = "<group>"; };
		BF38097D199FBD5F00D6C745 /* acmp-cmd.c */ = {isa = PBXFileReference; fileEncoding = 4; lastKnownFileType = sourcecode.c.c; name = "acmp-cmd.c"; path = "src/acmp-cmd.c"; sourceTree = "<group>"; };
		BF38097E199FBD5F00D6C745 /* acmp.c */ = {isa = PBXFileReference; fileEncoding = 4; lastKnownFileType = sourcecode.c.c; name = acmp.c; path = src/acmp.c; sourceTree = "<group>"; };
		BF38097F199FBD5F00D6C745 /* adp-cmd.c */ = {isa = PBXFileReference; fileEncoding = 4; lastKnownFileType = sourcecode.c.c; name = "adp-cmd.c"; path = "src/adp-cmd.c"; sourceTree = "<group>"; };
		BF380980199FBD5F00D6C745 /* adp.c */ = {isa = PBXFileReference; fileEncoding = 4; lastKnownFileType = sourcecode.c.c; name = adp.c; path = src/adp.c; sourceTree = "<group>"; };
		BF380981199FBD5F00D6C745 /* aecp-cmd.c */ = {isa = PBXFileReference; fileEncoding = 4; lastKnownFileType = sourcecode.c.c; name = "aecp-cmd.c"; path = "src/aecp-cmd.c"; sourceTree = "<group>"; };
		BF380982199FBD5F00D6C745 /* aecp.c */ = {isa = PBXFileReference; fileEncoding = 4; lastKnownFileType = sourcecode.c.c; name = aecp.c; path = src/aecp.c; sourceTree = "<group>"; };
		BF380983199FBD5F00D6C745 /* avdecc-cmd.c */ = {isa = PBXFileReference; fileEncoding = 4; lastKnownFileType = sourcecode.c.c; name = "avdecc-cmd.c"; path = "src/avdecc-cmd.c"; sourceTree = "<group>"; };
		BF380984199FBD5F00D6C745 /* raw.c */ = {isa = PBXFileReference; fileEncoding = 4; lastKnownFileType = sourcecode.c.c; name = raw.c; path = src/raw.c; sourceTree = "<group>"; };
		BF38098D199FBD6B00D6C745 /* jdksavdecc_acmp_print.c */ = {isa = PBXFileReference; fileEncoding = 4; lastKnownFileType = sourcecode.c.c; name = jdksavdecc_acmp_print.c; path = "jdksavdecc-c/src/jdksavdecc_acmp_print.c"; sourceTree = "<group>"; };
		BF38098E199FBD6B00D6C745 /* jdksavdecc_adp_print.c */ = {isa = PBXFileReference; fileEncoding = 4; lastKnownFileType = sourcecode.c.c; name = jdksavdecc_adp_print.c; path = "jdksavdecc-c/src/jdksavdecc_adp_print.c"; sourceTree = "<group>"; };
		BF38098F199FBD6B00D6C745 /* jdksavdecc_aecp_print.c */ = {isa = PBXFileReference; fileEncoding = 4; lastKnownFileType = sourcecode.c.c; name = jdksavdecc_aecp_print.c; path = "jdksavdecc-c/src/jdksavdecc_aecp_print.c"; sourceTree = "<group>"; };
		BF380990199FBD6B00D6C745 /* jdksavdecc_aem_descriptor.c */ = {isa = PBXFileReference; fileEncoding = 4; lastKnownFileType = sourcecode.c.c; name = jdksavdecc_aem_descriptor.c; path = "jdksavdecc-c/src/jdksavdecc_aem_descriptor.c"; sourceTree = "<group>"; };
		BF380991199FBD6B00D6C745 /* jdksavdecc_aem_print.c */ = {isa = PBXFileReference; fileEncoding = 4; lastKnownFileType = sourcecode.c.c; name = jdksavdecc_aem_print.c; path = "jdksavdecc-c/src/jdksavdecc_aem_print.c"; sourceTree = "<group>"; };
		BF380992199FBD6B00D6C745 /* jdksavdecc_app_print.c */ = {isa = PBXFileReference; fileEncoding = 4; lastKnownFileType = sourcecode.c.c; name = jdksavdecc_app_print.c; path = "jdksavdecc-c/src/jdksavdecc_app_print.c"; sourceTree = "<group>"; };
		BF380993199FBD6B00D6C745 /* jdksavdecc_app.c */ = {isa = PBXFileReference; fileEncoding = 4; lastKnownFileType = sourcecode.c.c; name = jdksavdecc_app.c; path = "jdksavdecc-c/src/jdksavdecc_app.c"; sourceTree = "<group>"; };
		BF380994199FBD6B00D6C745 /* jdksavdecc_control.c */ = {isa = PBXFileReference; fileEncoding = 4; lastKnownFileType = sourcecode.c.c; name = jdksavdecc_control.c; path = "jdksavdecc-c/src/jdksavdecc_control.c"; sourceTree = "<group>"; };
		BF380995199FBD6B00D6C745 /* jdksavdecc_descriptor_storage_gen.c */ = {isa = PBXFileReference; fileEncoding = 4; lastKnownFileType = sourcecode.c.c; name = jdksavdecc_descriptor_storage_gen.c; path = "jdksavdecc-c/src/jdksavdecc_descriptor_storage_gen.c"; sourceTree = "<group>"; };
		BF380996199FBD6B00D6C745 /* jdksavdecc_descriptor_storage.c */ = {isa = PBXFileReference; fileEncoding = 4; lastKnownFileType = sourcecode.c.c; name = jdksavdecc_descriptor_storage.c; path = "jdksavdecc-c/src/jdksavdecc_descriptor_storage.c"; sourceTree = "<group>"; };
		BF380997199FBD6B00D6C745 /* jdksavdecc_entity_model.c */ = {isa = PBXFileReference; fileEncoding = 4; lastKnownFileType = sourcecode.c.c; name = jdksavdecc_entity_model.c; path = "jdksavdecc-c/src/jdksavdecc_entity_model.c"; sourceTree = "<group>"; };
		BF380998199FBD6B00D6C745 /* jdksavdecc_frame.c */ = {isa = PBXFileReference; fileEncoding = 4; lastKnownFileType = sourcecode.c.c; name = jdksavdecc_frame.c; path = "jdksavdecc-c/src/jdksavdecc_frame.c"; sourceTree = "<group>"; };
		BF380999199FBD6B00D6C745 /* jdksavdecc_jdks.c */ = {isa = PBXFileReference; fileEncoding = 4; lastKnownFileType = sourcecode.c.c; name = jdksavdecc_jdks.c; path = "jdksavdecc-c/src/jdksavdecc_jdks.c"; sourceTree = "<group>"; };
		BF38099A199FBD6B00D6C745 /* jdksavdecc_maap_print.c */ = {isa = PBXFileReference; fileEncoding = 4; lastKnownFileType = sourcecode.c.c; name = jdksavdecc_maap_print.c; path = "jdksavdecc-c/src/jdksavdecc_maap_print.c"; sourceTree = "<group>"; };
		BF38099B199FBD6B00D6C745 /* jdksavdecc_maap.c */ = {isa = PBXFileReference; fileEncoding = 4; lastKnownFileType = sourcecode.c.c; name = jdksavdecc_maap.c; path = "jdksavdecc-c/src/jdksavdecc_maap.c"; sourceTree = "<group>"; };
		BF38099C199FBD6B00D6C745 /* jdksavdecc_pdu_print.c */ = {isa = PBXFileReference; fileEncoding = 4; lastKnownFileType = sourcecode.c.c; name = jdksavdecc_pdu_print.c; path = "jdksavdecc-c/src/jdksavdecc_pdu_print.c"; sourceTree = "<group>"; };
		BF38099D199FBD6B00D6C745 /* jdksavdecc_pdu.c */ = {isa = PBXFileReference; fileEncoding = 4; lastKnownFileType = sourcecode.c.c; name = jdksavdecc_pdu.c; path = "jdksavdecc-c/src/jdksavdecc_pdu.c"; sourceTree = "<group>"; };
		BF38099E199FBD6B00D6C745 /* jdksavdecc_print.c */ = {isa = PBXFileReference; fileEncoding = 4; lastKnownFileType = sourcecode.c.c; name = jdksavdecc_print.c; path = "jdksavdecc-c/src/jdksavdecc_print.c"; sourceTree = "<group>"; };
		BF38099F199FBD6B00D6C745 /* jdksavdecc_util.c */ = {isa = PBXFileReference; fileEncoding = 4; lastKnownFileType = sourcecode.c.c; name = jdksavdecc_util.c; path = "jdksavdecc-c/src/jdksavdecc_util.c"; sourceTree = "<group>"; };
		BF3809A0199FBD6B00D6C745 /* jdksavdecc.c */ = {isa = PBXFileReference; fileEncoding = 4; lastKnownFileType = sourcecode.c.c; name = jdksavdecc.c; path = "jdksavdecc-c/src/jdksavdecc.c"; sourceTree = "<group>"; };
		BF3809B8199FBD9900D6C745 /* avdecc-discover.c */ = {isa = PBXFileReference; lastKnownFileType = sourcecode.c.c; name = "avdecc-discover.c"; path = "../tools/avdecc-discover.c"; sourceTree = "<group>"; };
		BF3809B9199FBD9900D6C745 /* avdecc-get-control.c */ = {isa = PBXFileReference; lastKnownFileType = sourcecode.c.c; name = "avdecc-get-control.c"; path = "../tools/avdecc-get-control.c"; sourceTree = "<group>"; };
		BF3809BA199FBD9900D6C745 /* avdecc-read-descriptor.c */ = {isa = PBXFileReference; lastKnownFileType = sourcecode.c.c; name = "avdecc-read-descriptor.c"; path = "../tools/avdecc-read-descriptor.c"; sourceTree = "<group>"; };
		BF3809BB199FBD9900D6C745 /* avdecc-set-control.c */ = {isa = PBXFileReference; lastKnownFileType = sourcecode.c.c; name = "avdecc-set-control.c"; path = "../tools/avdecc-set-control.c"; sourceTree = "<group>"; };
		BF3809BC199FBD9900D6C745 /* avdecc.c */ = {isa = PBXFileReference; lastKnownFileType = sourcecode.c.c; name = avdecc.c; path = ../tools/avdecc.c; sourceTree = "<group>"; };
		BF3809C1199FBDCB00D6C745 /* avdecc-discover */ = {isa = PBXFileReference; explicitFileType = "compiled.mach-o.executable"; includeInIndex = 0; path = "avdecc-discover"; sourceTree = BUILT_PRODUCTS_DIR; };
		BF3809CC199FBDD700D6C745 /* avdecc-get-control */ = {isa = PBXFileReference; explicitFileType = "compiled.mach-o.executable"; includeInIndex = 0; path = "avdecc-get-control"; sourceTree = BUILT_PRODUCTS_DIR; };
		BF3809D7199FBDE500D6C745 /* avdecc-read-descriptor */ = {isa = PBXFileReference; explicitFileType = "compiled.mach-o.executable"; includeInIndex = 0; path = "avdecc-read-descriptor"; sourceTree = BUILT_PRODUCTS_DIR; };
		BF3809E2199FBE3900D6C745 /* avdecc */ = {isa = PBXFileReference; explicitFileType = "compiled.mach-o.executable"; includeInIndex = 0; path = avdecc; sourceTree = BUILT_PRODUCTS_DIR; };
		BF3809ED199FBE6C00D6C745 /* avdecc-set-control */ = {isa = PBXFileReference; explicitFileType = "compiled.mach-o.executable"; includeInIndex = 0; path = "avdecc-set-control"; sourceTree = BUILT_PRODUCTS_DIR; };
		BF380A08199FBF5500D6C745 /* libpcap.dylib */ = {isa = PBXFileReference; lastKnownFileType = "compiled.mach-o.dylib"; name = libpcap.dylib; path = usr/lib/libpcap.dylib; sourceTree = SDKROOT; };
/* End PBXFileReference section */

/* Begin PBXFrameworksBuildPhase section */
		BF380919199FBCEC00D6C745 /* Frameworks */ = {
			isa = PBXFrameworksBuildPhase;
			buildActionMask = 2147483647;
			files = (
			);
			runOnlyForDeploymentPostprocessing = 0;
		};
		BF3809BE199FBDCB00D6C745 /* Frameworks */ = {
			isa = PBXFrameworksBuildPhase;
			buildActionMask = 2147483647;
			files = (
				BF380A0D199FBF6C00D6C745 /* libpcap.dylib in Frameworks */,
				BF3809F7199FBEA700D6C745 /* libavdecc-cmd.a in Frameworks */,
			);
			runOnlyForDeploymentPostprocessing = 0;
		};
		BF3809C9199FBDD700D6C745 /* Frameworks */ = {
			isa = PBXFrameworksBuildPhase;
			buildActionMask = 2147483647;
			files = (
				BF380A0C199FBF6700D6C745 /* libpcap.dylib in Frameworks */,
				BF3809FB199FBEC000D6C745 /* libavdecc-cmd.a in Frameworks */,
			);
			runOnlyForDeploymentPostprocessing = 0;
		};
		BF3809D4199FBDE500D6C745 /* Frameworks */ = {
			isa = PBXFrameworksBuildPhase;
			buildActionMask = 2147483647;
			files = (
				BF380A0A199FBF5B00D6C745 /* libpcap.dylib in Frameworks */,
				BF3809FF199FBED100D6C745 /* libavdecc-cmd.a in Frameworks */,
			);
			runOnlyForDeploymentPostprocessing = 0;
		};
		BF3809DF199FBE3900D6C745 /* Frameworks */ = {
			isa = PBXFrameworksBuildPhase;
			buildActionMask = 2147483647;
			files = (
				BF380A09199FBF5500D6C745 /* libpcap.dylib in Frameworks */,
				BF380A07199FBF0D00D6C745 /* libavdecc-cmd.a in Frameworks */,
			);
			runOnlyForDeploymentPostprocessing = 0;
		};
		BF3809EA199FBE6C00D6C745 /* Frameworks */ = {
			isa = PBXFrameworksBuildPhase;
			buildActionMask = 2147483647;
			files = (
				BF380A0B199FBF6200D6C745 /* libpcap.dylib in Frameworks */,
				BF380A03199FBEE900D6C745 /* libavdecc-cmd.a in Frameworks */,
			);
			runOnlyForDeploymentPostprocessing = 0;
		};
/* End PBXFrameworksBuildPhase section */

/* Begin PBXGroup section */
		BF380913199FBCEC00D6C745 = {
			isa = PBXGroup;
			children = (
				BF380A08199FBF5500D6C745 /* libpcap.dylib */,
				BF380923199FBD1700D6C745 /* include */,
				BF380924199FBD1E00D6C745 /* src */,
				BF3809C2199FBDCB00D6C745 /* avdecc-discover */,
				BF3809CD199FBDD700D6C745 /* avdecc-get-control */,
				BF3809EE199FBE6C00D6C745 /* avdecc-set-control */,
				BF3809D8199FBDE500D6C745 /* avdecc-read-descriptor */,
				BF3809E3199FBE3900D6C745 /* avdecc */,
				BF38091D199FBCEC00D6C745 /* Products */,
			);
			sourceTree = "<group>";
		};
		BF38091D199FBCEC00D6C745 /* Products */ = {
			isa = PBXGroup;
			children = (
				BF38091C199FBCEC00D6C745 /* libavdecc-cmd.a */,
				BF3809C1199FBDCB00D6C745 /* avdecc-discover */,
				BF3809CC199FBDD700D6C745 /* avdecc-get-control */,
				BF3809D7199FBDE500D6C745 /* avdecc-read-descriptor */,
				BF3809E2199FBE3900D6C745 /* avdecc */,
				BF3809ED199FBE6C00D6C745 /* avdecc-set-control */,
			);
			name = Products;
			sourceTree = "<group>";
		};
		BF380923199FBD1700D6C745 /* include */ = {
			isa = PBXGroup;
			children = (
				BF380936199FBD4F00D6C745 /* jdksavdecc_acmp_print.h */,
				BF380937199FBD4F00D6C745 /* jdksavdecc_acmp.h */,
				BF380938199FBD4F00D6C745 /* jdksavdecc_adp_print.h */,
				BF380939199FBD4F00D6C745 /* jdksavdecc_adp.h */,
				BF38093A199FBD4F00D6C745 /* jdksavdecc_aecp_aa.h */,
				BF38093B199FBD4F00D6C745 /* jdksavdecc_aecp_aem.h */,
				BF38093C199FBD4F00D6C745 /* jdksavdecc_aecp_avc.h */,
				BF38093D199FBD4F00D6C745 /* jdksavdecc_aecp_hdcp_apm.h */,
				BF38093E199FBD4F00D6C745 /* jdksavdecc_aecp_print.h */,
				BF38093F199FBD4F00D6C745 /* jdksavdecc_aecp_vendor.h */,
				BF380940199FBD4F00D6C745 /* jdksavdecc_aecp.h */,
				BF380941199FBD4F00D6C745 /* jdksavdecc_aem_command.h */,
				BF380942199FBD4F00D6C745 /* jdksavdecc_aem_descriptor.h */,
				BF380943199FBD4F00D6C745 /* jdksavdecc_aem_print.h */,
				BF380944199FBD4F00D6C745 /* jdksavdecc_app_print.h */,
				BF380945199FBD4F00D6C745 /* jdksavdecc_app.h */,
				BF380946199FBD4F00D6C745 /* jdksavdecc_avr.h */,
				BF380947199FBD4F00D6C745 /* jdksavdecc_control.h */,
				BF380948199FBD4F00D6C745 /* jdksavdecc_descriptor_storage_gen.h */,
				BF380949199FBD4F00D6C745 /* jdksavdecc_descriptor_storage.h */,
				BF38094A199FBD4F00D6C745 /* jdksavdecc_entity_model.h */,
				BF38094B199FBD4F00D6C745 /* jdksavdecc_frame.h */,
				BF38094C199FBD4F00D6C745 /* jdksavdecc_jdks.h */,
				BF38094D199FBD4F00D6C745 /* jdksavdecc_maap_print.h */,
				BF38094E199FBD4F00D6C745 /* jdksavdecc_maap.h */,
				BF38094F199FBD4F00D6C745 /* jdksavdecc_ms.h */,
				BF380950199FBD4F00D6C745 /* jdksavdecc_msinttypes.h */,
				BF380951199FBD4F00D6C745 /* jdksavdecc_msstdint.h */,
				BF380952199FBD4F00D6C745 /* jdksavdecc_pdu_print.h */,
				BF380953199FBD4F00D6C745 /* jdksavdecc_pdu.h */,
				BF380954199FBD4F00D6C745 /* jdksavdecc_print.h */,
				BF380955199FBD4F00D6C745 /* jdksavdecc_util.h */,
				BF380956199FBD4F00D6C745 /* jdksavdecc_world.h */,
				BF380957199FBD4F00D6C745 /* jdksavdecc.h */,
				BF380958199FBD4F00D6C745 /* test */,
				BF380926199FBD3E00D6C745 /* acmp-cmd.h */,
				BF380927199FBD3E00D6C745 /* acmp.h */,
				BF380928199FBD3E00D6C745 /* adp-cmd.h */,
				BF380929199FBD3E00D6C745 /* adp.h */,
				BF38092A199FBD3E00D6C745 /* aecp-cmd.h */,
				BF38092B199FBD3E00D6C745 /* aecp.h */,
				BF38092C199FBD3E00D6C745 /* avdecc-cmd.h */,
				BF38092D199FBD3E00D6C745 /* raw.h */,
			);
			name = include;
			sourceTree = "<group>";
		};
		BF380924199FBD1E00D6C745 /* src */ = {
			isa = PBXGroup;
			children = (
				BF38098D199FBD6B00D6C745 /* jdksavdecc_acmp_print.c */,
				BF38098E199FBD6B00D6C745 /* jdksavdecc_adp_print.c */,
				BF38098F199FBD6B00D6C745 /* jdksavdecc_aecp_print.c */,
				BF380990199FBD6B00D6C745 /* jdksavdecc_aem_descriptor.c */,
				BF380991199FBD6B00D6C745 /* jdksavdecc_aem_print.c */,
				BF380992199FBD6B00D6C745 /* jdksavdecc_app_print.c */,
				BF380993199FBD6B00D6C745 /* jdksavdecc_app.c */,
				BF380994199FBD6B00D6C745 /* jdksavdecc_control.c */,
				BF380995199FBD6B00D6C745 /* jdksavdecc_descriptor_storage_gen.c */,
				BF380996199FBD6B00D6C745 /* jdksavdecc_descriptor_storage.c */,
				BF380997199FBD6B00D6C745 /* jdksavdecc_entity_model.c */,
				BF380998199FBD6B00D6C745 /* jdksavdecc_frame.c */,
				BF380999199FBD6B00D6C745 /* jdksavdecc_jdks.c */,
				BF38099A199FBD6B00D6C745 /* jdksavdecc_maap_print.c */,
				BF38099B199FBD6B00D6C745 /* jdksavdecc_maap.c */,
				BF38099C199FBD6B00D6C745 /* jdksavdecc_pdu_print.c */,
				BF38099D199FBD6B00D6C745 /* jdksavdecc_pdu.c */,
				BF38099E199FBD6B00D6C745 /* jdksavdecc_print.c */,
				BF38099F199FBD6B00D6C745 /* jdksavdecc_util.c */,
				BF3809A0199FBD6B00D6C745 /* jdksavdecc.c */,
				BF38097D199FBD5F00D6C745 /* acmp-cmd.c */,
				BF38097E199FBD5F00D6C745 /* acmp.c */,
				BF38097F199FBD5F00D6C745 /* adp-cmd.c */,
				BF380980199FBD5F00D6C745 /* adp.c */,
				BF380981199FBD5F00D6C745 /* aecp-cmd.c */,
				BF380982199FBD5F00D6C745 /* aecp.c */,
				BF380983199FBD5F00D6C745 /* avdecc-cmd.c */,
				BF380984199FBD5F00D6C745 /* raw.c */,
			);
			name = src;
			sourceTree = "<group>";
		};
		BF380958199FBD4F00D6C745 /* test */ = {
			isa = PBXGroup;
			children = (
				BF380959199FBD4F00D6C745 /* jdksavdecc_test_descriptor_storage.h */,
			);
			name = test;
			path = "jdksavdecc-c/include/test";
			sourceTree = "<group>";
		};
		BF3809C2199FBDCB00D6C745 /* avdecc-discover */ = {
			isa = PBXGroup;
			children = (
				BF3809B8199FBD9900D6C745 /* avdecc-discover.c */,
			);
			path = "avdecc-discover";
			sourceTree = "<group>";
		};
		BF3809CD199FBDD700D6C745 /* avdecc-get-control */ = {
			isa = PBXGroup;
			children = (
				BF3809B9199FBD9900D6C745 /* avdecc-get-control.c */,
			);
			path = "avdecc-get-control";
			sourceTree = "<group>";
		};
		BF3809D8199FBDE500D6C745 /* avdecc-read-descriptor */ = {
			isa = PBXGroup;
			children = (
				BF3809BA199FBD9900D6C745 /* avdecc-read-descriptor.c */,
			);
			path = "avdecc-read-descriptor";
			sourceTree = "<group>";
		};
		BF3809E3199FBE3900D6C745 /* avdecc */ = {
			isa = PBXGroup;
			children = (
				BF3809BC199FBD9900D6C745 /* avdecc.c */,
			);
			path = avdecc;
			sourceTree = "<group>";
		};
		BF3809EE199FBE6C00D6C745 /* avdecc-set-control */ = {
			isa = PBXGroup;
			children = (
				BF3809BB199FBD9900D6C745 /* avdecc-set-control.c */,
			);
			path = "avdecc-set-control";
			sourceTree = "<group>";
		};
/* End PBXGroup section */

/* Begin PBXHeadersBuildPhase section */
		BF38091A199FBCEC00D6C745 /* Headers */ = {
			isa = PBXHeadersBuildPhase;
			buildActionMask = 2147483647;
			files = (
				BF380934199FBD3F00D6C745 /* avdecc-cmd.h in Headers */,
				BF380974199FBD5000D6C745 /* jdksavdecc_msinttypes.h in Headers */,
				BF38096D199FBD5000D6C745 /* jdksavdecc_descriptor_storage.h in Headers */,
				BF38097C199FBD5000D6C745 /* jdksavdecc_test_descriptor_storage.h in Headers */,
				BF380931199FBD3F00D6C745 /* adp.h in Headers */,
				BF38095A199FBD4F00D6C745 /* jdksavdecc_acmp_print.h in Headers */,
				BF38092E199FBD3E00D6C745 /* acmp-cmd.h in Headers */,
				BF380979199FBD5000D6C745 /* jdksavdecc_util.h in Headers */,
				BF38095D199FBD4F00D6C745 /* jdksavdecc_adp.h in Headers */,
				BF38096C199FBD5000D6C745 /* jdksavdecc_descriptor_storage_gen.h in Headers */,
				BF380961199FBD4F00D6C745 /* jdksavdecc_aecp_hdcp_apm.h in Headers */,
				BF38096B199FBD5000D6C745 /* jdksavdecc_control.h in Headers */,
				BF380976199FBD5000D6C745 /* jdksavdecc_pdu_print.h in Headers */,
				BF380971199FBD5000D6C745 /* jdksavdecc_maap_print.h in Headers */,
				BF380964199FBD4F00D6C745 /* jdksavdecc_aecp.h in Headers */,
				BF38092F199FBD3F00D6C745 /* acmp.h in Headers */,
				BF380965199FBD5000D6C745 /* jdksavdecc_aem_command.h in Headers */,
				BF38095E199FBD4F00D6C745 /* jdksavdecc_aecp_aa.h in Headers */,
				BF380973199FBD5000D6C745 /* jdksavdecc_ms.h in Headers */,
				BF380933199FBD3F00D6C745 /* aecp.h in Headers */,
				BF380935199FBD3F00D6C745 /* raw.h in Headers */,
				BF380930199FBD3F00D6C745 /* adp-cmd.h in Headers */,
				BF380977199FBD5000D6C745 /* jdksavdecc_pdu.h in Headers */,
				BF380970199FBD5000D6C745 /* jdksavdecc_jdks.h in Headers */,
				BF380972199FBD5000D6C745 /* jdksavdecc_maap.h in Headers */,
				BF380960199FBD4F00D6C745 /* jdksavdecc_aecp_avc.h in Headers */,
				BF380966199FBD5000D6C745 /* jdksavdecc_aem_descriptor.h in Headers */,
				BF38095C199FBD4F00D6C745 /* jdksavdecc_adp_print.h in Headers */,
				BF380969199FBD5000D6C745 /* jdksavdecc_app.h in Headers */,
				BF380962199FBD4F00D6C745 /* jdksavdecc_aecp_print.h in Headers */,
				BF38096E199FBD5000D6C745 /* jdksavdecc_entity_model.h in Headers */,
				BF38097A199FBD5000D6C745 /* jdksavdecc_world.h in Headers */,
				BF380932199FBD3F00D6C745 /* aecp-cmd.h in Headers */,
				BF380978199FBD5000D6C745 /* jdksavdecc_print.h in Headers */,
				BF38095B199FBD4F00D6C745 /* jdksavdecc_acmp.h in Headers */,
				BF380968199FBD5000D6C745 /* jdksavdecc_app_print.h in Headers */,
				BF38096A199FBD5000D6C745 /* jdksavdecc_avr.h in Headers */,
				BF38097B199FBD5000D6C745 /* jdksavdecc.h in Headers */,
				BF38095F199FBD4F00D6C745 /* jdksavdecc_aecp_aem.h in Headers */,
				BF380967199FBD5000D6C745 /* jdksavdecc_aem_print.h in Headers */,
				BF38096F199FBD5000D6C745 /* jdksavdecc_frame.h in Headers */,
				BF380975199FBD5000D6C745 /* jdksavdecc_msstdint.h in Headers */,
				BF380963199FBD4F00D6C745 /* jdksavdecc_aecp_vendor.h in Headers */,
			);
			runOnlyForDeploymentPostprocessing = 0;
		};
/* End PBXHeadersBuildPhase section */

/* Begin PBXNativeTarget section */
		BF38091B199FBCEC00D6C745 /* avdecc-cmd */ = {
			isa = PBXNativeTarget;
			buildConfigurationList = BF380920199FBCEC00D6C745 /* Build configuration list for PBXNativeTarget "avdecc-cmd" */;
			buildPhases = (
				BF380918199FBCEC00D6C745 /* Sources */,
				BF380919199FBCEC00D6C745 /* Frameworks */,
				BF38091A199FBCEC00D6C745 /* Headers */,
			);
			buildRules = (
			);
			dependencies = (
			);
			name = "avdecc-cmd";
			productName = "avdecc-cmd-lib";
			productReference = BF38091C199FBCEC00D6C745 /* libavdecc-cmd.a */;
			productType = "com.apple.product-type.library.static";
		};
		BF3809C0199FBDCB00D6C745 /* avdecc-discover */ = {
			isa = PBXNativeTarget;
			buildConfigurationList = BF3809C5199FBDCB00D6C745 /* Build configuration list for PBXNativeTarget "avdecc-discover" */;
			buildPhases = (
				BF3809BD199FBDCB00D6C745 /* Sources */,
				BF3809BE199FBDCB00D6C745 /* Frameworks */,
				BF3809BF199FBDCB00D6C745 /* CopyFiles */,
			);
			buildRules = (
			);
			dependencies = (
				BF3809F6199FBE9E00D6C745 /* PBXTargetDependency */,
			);
			name = "avdecc-discover";
			productName = "avdecc-discover";
			productReference = BF3809C1199FBDCB00D6C745 /* avdecc-discover */;
			productType = "com.apple.product-type.tool";
		};
		BF3809CB199FBDD700D6C745 /* avdecc-get-control */ = {
			isa = PBXNativeTarget;
			buildConfigurationList = BF3809D0199FBDD700D6C745 /* Build configuration list for PBXNativeTarget "avdecc-get-control" */;
			buildPhases = (
				BF3809C8199FBDD700D6C745 /* Sources */,
				BF3809C9199FBDD700D6C745 /* Frameworks */,
				BF3809CA199FBDD700D6C745 /* CopyFiles */,
			);
			buildRules = (
			);
			dependencies = (
				BF3809F9199FBEB000D6C745 /* PBXTargetDependency */,
			);
			name = "avdecc-get-control";
			productName = "avdecc-get-control";
			productReference = BF3809CC199FBDD700D6C745 /* avdecc-get-control */;
			productType = "com.apple.product-type.tool";
		};
		BF3809D6199FBDE500D6C745 /* avdecc-read-descriptor */ = {
			isa = PBXNativeTarget;
			buildConfigurationList = BF3809DB199FBDE500D6C745 /* Build configuration list for PBXNativeTarget "avdecc-read-descriptor" */;
			buildPhases = (
				BF3809D3199FBDE500D6C745 /* Sources */,
				BF3809D4199FBDE500D6C745 /* Frameworks */,
				BF3809D5199FBDE500D6C745 /* CopyFiles */,
			);
			buildRules = (
			);
			dependencies = (
				BF3809FD199FBEC700D6C745 /* PBXTargetDependency */,
			);
			name = "avdecc-read-descriptor";
			productName = "avdecc-read-descriptor";
			productReference = BF3809D7199FBDE500D6C745 /* avdecc-read-descriptor */;
			productType = "com.apple.product-type.tool";
		};
		BF3809E1199FBE3900D6C745 /* avdecc */ = {
			isa = PBXNativeTarget;
			buildConfigurationList = BF3809E6199FBE3900D6C745 /* Build configuration list for PBXNativeTarget "avdecc" */;
			buildPhases = (
				BF3809DE199FBE3900D6C745 /* Sources */,
				BF3809DF199FBE3900D6C745 /* Frameworks */,
				BF3809E0199FBE3900D6C745 /* CopyFiles */,
			);
			buildRules = (
			);
			dependencies = (
				BF380A05199FBF0200D6C745 /* PBXTargetDependency */,
			);
			name = avdecc;
			productName = avdecc;
			productReference = BF3809E2199FBE3900D6C745 /* avdecc */;
			productType = "com.apple.product-type.tool";
		};
		BF3809EC199FBE6C00D6C745 /* avdecc-set-control */ = {
			isa = PBXNativeTarget;
			buildConfigurationList = BF3809F1199FBE6C00D6C745 /* Build configuration list for PBXNativeTarget "avdecc-set-control" */;
			buildPhases = (
				BF3809E9199FBE6C00D6C745 /* Sources */,
				BF3809EA199FBE6C00D6C745 /* Frameworks */,
				BF3809EB199FBE6C00D6C745 /* CopyFiles */,
			);
			buildRules = (
			);
			dependencies = (
				BF380A01199FBEDB00D6C745 /* PBXTargetDependency */,
			);
			name = "avdecc-set-control";
			productName = "avdecc-set-control";
			productReference = BF3809ED199FBE6C00D6C745 /* avdecc-set-control */;
			productType = "com.apple.product-type.tool";
		};
/* End PBXNativeTarget section */

/* Begin PBXProject section */
		BF380914199FBCEC00D6C745 /* Project object */ = {
			isa = PBXProject;
			attributes = {
				LastUpgradeCheck = 0600;
				ORGANIZATIONNAME = "Jeff Koftinoff";
				TargetAttributes = {
					BF38091B199FBCEC00D6C745 = {
						CreatedOnToolsVersion = 6.0;
					};
					BF3809C0199FBDCB00D6C745 = {
						CreatedOnToolsVersion = 6.0;
					};
					BF3809CB199FBDD700D6C745 = {
						CreatedOnToolsVersion = 6.0;
					};
					BF3809D6199FBDE500D6C745 = {
						CreatedOnToolsVersion = 6.0;
					};
					BF3809E1199FBE3900D6C745 = {
						CreatedOnToolsVersion = 6.0;
					};
					BF3809EC199FBE6C00D6C745 = {
						CreatedOnToolsVersion = 6.0;
					};
					BF380A0E199FBFE300D6C745 = {
						CreatedOnToolsVersion = 6.0;
					};
				};
			};
			buildConfigurationList = BF380917199FBCEC00D6C745 /* Build configuration list for PBXProject "avdecc-cmd" */;
			compatibilityVersion = "Xcode 3.2";
			developmentRegion = English;
			hasScannedForEncodings = 0;
			knownRegions = (
				en,
			);
			mainGroup = BF380913199FBCEC00D6C745;
			productRefGroup = BF38091D199FBCEC00D6C745 /* Products */;
			projectDirPath = "";
			projectRoot = "";
			targets = (
				BF380A0E199FBFE300D6C745 /* all */,
				BF38091B199FBCEC00D6C745 /* avdecc-cmd */,
				BF3809C0199FBDCB00D6C745 /* avdecc-discover */,
				BF3809CB199FBDD700D6C745 /* avdecc-get-control */,
				BF3809EC199FBE6C00D6C745 /* avdecc-set-control */,
				BF3809D6199FBDE500D6C745 /* avdecc-read-descriptor */,
				BF3809E1199FBE3900D6C745 /* avdecc */,
			);
		};
/* End PBXProject section */

/* Begin PBXSourcesBuildPhase section */
		BF380918199FBCEC00D6C745 /* Sources */ = {
			isa = PBXSourcesBuildPhase;
			buildActionMask = 2147483647;
			files = (
				BF3809B0199FBD6B00D6C745 /* jdksavdecc_maap_print.c in Sources */,
				BF38098C199FBD5F00D6C745 /* raw.c in Sources */,
				BF3809A8199FBD6B00D6C745 /* jdksavdecc_app_print.c in Sources */,
				BF380986199FBD5F00D6C745 /* acmp.c in Sources */,
				BF3809AE199FBD6B00D6C745 /* jdksavdecc_frame.c in Sources */,
				BF3809B2199FBD6B00D6C745 /* jdksavdecc_pdu_print.c in Sources */,
				BF3809A6199FBD6B00D6C745 /* jdksavdecc_aem_descriptor.c in Sources */,
				BF3809AC199FBD6B00D6C745 /* jdksavdecc_descriptor_storage.c in Sources */,
				BF380985199FBD5F00D6C745 /* acmp-cmd.c in Sources */,
				BF3809A4199FBD6B00D6C745 /* jdksavdecc_adp_print.c in Sources */,
				BF3809A5199FBD6B00D6C745 /* jdksavdecc_aecp_print.c in Sources */,
				BF3809AB199FBD6B00D6C745 /* jdksavdecc_descriptor_storage_gen.c in Sources */,
				BF3809B3199FBD6B00D6C745 /* jdksavdecc_pdu.c in Sources */,
				BF3809AA199FBD6B00D6C745 /* jdksavdecc_control.c in Sources */,
				BF38098A199FBD5F00D6C745 /* aecp.c in Sources */,
				BF380987199FBD5F00D6C745 /* adp-cmd.c in Sources */,
				BF3809A9199FBD6B00D6C745 /* jdksavdecc_app.c in Sources */,
				BF3809B4199FBD6B00D6C745 /* jdksavdecc_print.c in Sources */,
				BF38098B199FBD5F00D6C745 /* avdecc-cmd.c in Sources */,
				BF3809B6199FBD6B00D6C745 /* jdksavdecc.c in Sources */,
				BF380988199FBD5F00D6C745 /* adp.c in Sources */,
				BF3809B1199FBD6B00D6C745 /* jdksavdecc_maap.c in Sources */,
				BF3809B5199FBD6B00D6C745 /* jdksavdecc_util.c in Sources */,
				BF3809A7199FBD6B00D6C745 /* jdksavdecc_aem_print.c in Sources */,
				BF3809AD199FBD6B00D6C745 /* jdksavdecc_entity_model.c in Sources */,
				BF3809AF199FBD6B00D6C745 /* jdksavdecc_jdks.c in Sources */,
				BF380989199FBD5F00D6C745 /* aecp-cmd.c in Sources */,
				BF3809A3199FBD6B00D6C745 /* jdksavdecc_acmp_print.c in Sources */,
			);
			runOnlyForDeploymentPostprocessing = 0;
		};
		BF3809BD199FBDCB00D6C745 /* Sources */ = {
			isa = PBXSourcesBuildPhase;
			buildActionMask = 2147483647;
			files = (
				BF3809F4199FBE9200D6C745 /* avdecc-discover.c in Sources */,
			);
			runOnlyForDeploymentPostprocessing = 0;
		};
		BF3809C8199FBDD700D6C745 /* Sources */ = {
			isa = PBXSourcesBuildPhase;
			buildActionMask = 2147483647;
			files = (
				BF3809FA199FBEBD00D6C745 /* avdecc-get-control.c in Sources */,
			);
			runOnlyForDeploymentPostprocessing = 0;
		};
		BF3809D3199FBDE500D6C745 /* Sources */ = {
			isa = PBXSourcesBuildPhase;
			buildActionMask = 2147483647;
			files = (
				BF3809FE199FBECD00D6C745 /* avdecc-read-descriptor.c in Sources */,
			);
			runOnlyForDeploymentPostprocessing = 0;
		};
		BF3809DE199FBE3900D6C745 /* Sources */ = {
			isa = PBXSourcesBuildPhase;
			buildActionMask = 2147483647;
			files = (
				BF380A06199FBF0800D6C745 /* avdecc.c in Sources */,
			);
			runOnlyForDeploymentPostprocessing = 0;
		};
		BF3809E9199FBE6C00D6C745 /* Sources */ = {
			isa = PBXSourcesBuildPhase;
			buildActionMask = 2147483647;
			files = (
				BF380A02199FBEE400D6C745 /* avdecc-set-control.c in Sources */,
			);
			runOnlyForDeploymentPostprocessing = 0;
		};
/* End PBXSourcesBuildPhase section */

/* Begin PBXTargetDependency section */
		BF3809F6199FBE9E00D6C745 /* PBXTargetDependency */ = {
			isa = PBXTargetDependency;
			target = BF38091B199FBCEC00D6C745 /* avdecc-cmd */;
			targetProxy = BF3809F5199FBE9E00D6C745 /* PBXContainerItemProxy */;
		};
		BF3809F9199FBEB000D6C745 /* PBXTargetDependency */ = {
			isa = PBXTargetDependency;
			target = BF38091B199FBCEC00D6C745 /* avdecc-cmd */;
			targetProxy = BF3809F8199FBEB000D6C745 /* PBXContainerItemProxy */;
		};
		BF3809FD199FBEC700D6C745 /* PBXTargetDependency */ = {
			isa = PBXTargetDependency;
			target = BF38091B199FBCEC00D6C745 /* avdecc-cmd */;
			targetProxy = BF3809FC199FBEC700D6C745 /* PBXContainerItemProxy */;
		};
		BF380A01199FBEDB00D6C745 /* PBXTargetDependency */ = {
			isa = PBXTargetDependency;
			target = BF38091B199FBCEC00D6C745 /* avdecc-cmd */;
			targetProxy = BF380A00199FBEDB00D6C745 /* PBXContainerItemProxy */;
		};
		BF380A05199FBF0200D6C745 /* PBXTargetDependency */ = {
			isa = PBXTargetDependency;
			target = BF38091B199FBCEC00D6C745 /* avdecc-cmd */;
			targetProxy = BF380A04199FBF0200D6C745 /* PBXContainerItemProxy */;
		};
		BF380A13199FBFEE00D6C745 /* PBXTargetDependency */ = {
			isa = PBXTargetDependency;
			target = BF38091B199FBCEC00D6C745 /* avdecc-cmd */;
			targetProxy = BF380A12199FBFEE00D6C745 /* PBXContainerItemProxy */;
		};
		BF380A15199FBFEE00D6C745 /* PBXTargetDependency */ = {
			isa = PBXTargetDependency;
			target = BF3809C0199FBDCB00D6C745 /* avdecc-discover */;
			targetProxy = BF380A14199FBFEE00D6C745 /* PBXContainerItemProxy */;
		};
		BF380A17199FBFEE00D6C745 /* PBXTargetDependency */ = {
			isa = PBXTargetDependency;
			target = BF3809CB199FBDD700D6C745 /* avdecc-get-control */;
			targetProxy = BF380A16199FBFEE00D6C745 /* PBXContainerItemProxy */;
		};
		BF380A19199FBFEE00D6C745 /* PBXTargetDependency */ = {
			isa = PBXTargetDependency;
			target = BF3809EC199FBE6C00D6C745 /* avdecc-set-control */;
			targetProxy = BF380A18199FBFEE00D6C745 /* PBXContainerItemProxy */;
		};
		BF380A1B199FBFEE00D6C745 /* PBXTargetDependency */ = {
			isa = PBXTargetDependency;
			target = BF3809D6199FBDE500D6C745 /* avdecc-read-descriptor */;
			targetProxy = BF380A1A199FBFEE00D6C745 /* PBXContainerItemProxy */;
		};
		BF380A1D199FBFEE00D6C745 /* PBXTargetDependency */ = {
			isa = PBXTargetDependency;
			target = BF3809E1199FBE3900D6C745 /* avdecc */;
			targetProxy = BF380A1C199FBFEE00D6C745 /* PBXContainerItemProxy */;
		};
/* End PBXTargetDependency section */

/* Begin XCBuildConfiguration section */
		BF38091E199FBCEC00D6C745 /* Debug */ = {
			isa = XCBuildConfiguration;
			buildSettings = {
				ALWAYS_SEARCH_USER_PATHS = NO;
				CLANG_CXX_LANGUAGE_STANDARD = "gnu++0x";
				CLANG_CXX_LIBRARY = "libc++";
				CLANG_ENABLE_MODULES = YES;
				CLANG_ENABLE_OBJC_ARC = YES;
				CLANG_WARN_BOOL_CONVERSION = YES;
				CLANG_WARN_CONSTANT_CONVERSION = YES;
				CLANG_WARN_DIRECT_OBJC_ISA_USAGE = YES_ERROR;
				CLANG_WARN_EMPTY_BODY = YES;
				CLANG_WARN_ENUM_CONVERSION = YES;
				CLANG_WARN_INT_CONVERSION = YES;
				CLANG_WARN_OBJC_ROOT_CLASS = YES_ERROR;
				CLANG_WARN_UNREACHABLE_CODE = YES;
				CLANG_WARN__DUPLICATE_METHOD_MATCH = YES;
				COPY_PHASE_STRIP = NO;
				ENABLE_STRICT_OBJC_MSGSEND = YES;
				GCC_C_LANGUAGE_STANDARD = gnu99;
				GCC_DYNAMIC_NO_PIC = NO;
				GCC_OPTIMIZATION_LEVEL = 0;
				GCC_PREPROCESSOR_DEFINITIONS = (
					"DEBUG=1",
					"$(inherited)",
				);
				GCC_SYMBOLS_PRIVATE_EXTERN = NO;
				GCC_WARN_64_TO_32_BIT_CONVERSION = YES;
				GCC_WARN_ABOUT_RETURN_TYPE = YES_ERROR;
				GCC_WARN_UNDECLARED_SELECTOR = YES;
				GCC_WARN_UNINITIALIZED_AUTOS = YES_AGGRESSIVE;
				GCC_WARN_UNUSED_FUNCTION = YES;
				GCC_WARN_UNUSED_VARIABLE = YES;
				MACOSX_DEPLOYMENT_TARGET = 10.10;
				MTL_ENABLE_DEBUG_INFO = YES;
				ONLY_ACTIVE_ARCH = YES;
				SDKROOT = macosx;
			};
			name = Debug;
		};
		BF38091F199FBCEC00D6C745 /* Release */ = {
			isa = XCBuildConfiguration;
			buildSettings = {
				ALWAYS_SEARCH_USER_PATHS = NO;
				CLANG_CXX_LANGUAGE_STANDARD = "gnu++0x";
				CLANG_CXX_LIBRARY = "libc++";
				CLANG_ENABLE_MODULES = YES;
				CLANG_ENABLE_OBJC_ARC = YES;
				CLANG_WARN_BOOL_CONVERSION = YES;
				CLANG_WARN_CONSTANT_CONVERSION = YES;
				CLANG_WARN_DIRECT_OBJC_ISA_USAGE = YES_ERROR;
				CLANG_WARN_EMPTY_BODY = YES;
				CLANG_WARN_ENUM_CONVERSION = YES;
				CLANG_WARN_INT_CONVERSION = YES;
				CLANG_WARN_OBJC_ROOT_CLASS = YES_ERROR;
				CLANG_WARN_UNREACHABLE_CODE = YES;
				CLANG_WARN__DUPLICATE_METHOD_MATCH = YES;
				COPY_PHASE_STRIP = YES;
				DEBUG_INFORMATION_FORMAT = "dwarf-with-dsym";
				ENABLE_NS_ASSERTIONS = NO;
				ENABLE_STRICT_OBJC_MSGSEND = YES;
				GCC_C_LANGUAGE_STANDARD = gnu99;
				GCC_WARN_64_TO_32_BIT_CONVERSION = YES;
				GCC_WARN_ABOUT_RETURN_TYPE = YES_ERROR;
				GCC_WARN_UNDECLARED_SELECTOR = YES;
				GCC_WARN_UNINITIALIZED_AUTOS = YES_AGGRESSIVE;
				GCC_WARN_UNUSED_FUNCTION = YES;
				GCC_WARN_UNUSED_VARIABLE = YES;
				MACOSX_DEPLOYMENT_TARGET = 10.10;
				MTL_ENABLE_DEBUG_INFO = NO;
				SDKROOT = macosx;
			};
			name = Release;
		};
		BF380921199FBCEC00D6C745 /* Debug */ = {
			isa = XCBuildConfiguration;
			buildSettings = {
				EXECUTABLE_PREFIX = lib;
				PRODUCT_NAME = "avdecc-cmd";
			};
			name = Debug;
		};
		BF380922199FBCEC00D6C745 /* Release */ = {
			isa = XCBuildConfiguration;
			buildSettings = {
				EXECUTABLE_PREFIX = lib;
				PRODUCT_NAME = "avdecc-cmd";
			};
			name = Release;
		};
		BF3809C6199FBDCB00D6C745 /* Debug */ = {
			isa = XCBuildConfiguration;
			buildSettings = {
				GCC_PREPROCESSOR_DEFINITIONS = (
					"DEBUG=1",
					"$(inherited)",
				);
				PRODUCT_NAME = "$(TARGET_NAME)";
			};
			name = Debug;
		};
		BF3809C7199FBDCB00D6C745 /* Release */ = {
			isa = XCBuildConfiguration;
			buildSettings = {
				PRODUCT_NAME = "$(TARGET_NAME)";
			};
			name = Release;
		};
		BF3809D1199FBDD700D6C745 /* Debug */ = {
			isa = XCBuildConfiguration;
			buildSettings = {
				GCC_PREPROCESSOR_DEFINITIONS = (
					"DEBUG=1",
					"$(inherited)",
				);
				PRODUCT_NAME = "$(TARGET_NAME)";
			};
			name = Debug;
		};
		BF3809D2199FBDD700D6C745 /* Release */ = {
			isa = XCBuildConfiguration;
			buildSettings = {
				PRODUCT_NAME = "$(TARGET_NAME)";
			};
			name = Release;
		};
		BF3809DC199FBDE500D6C745 /* Debug */ = {
			isa = XCBuildConfiguration;
			buildSettings = {
				GCC_PREPROCESSOR_DEFINITIONS = (
					"DEBUG=1",
					"$(inherited)",
				);
				PRODUCT_NAME = "$(TARGET_NAME)";
			};
			name = Debug;
		};
		BF3809DD199FBDE500D6C745 /* Release */ = {
			isa = XCBuildConfiguration;
			buildSettings = {
				PRODUCT_NAME = "$(TARGET_NAME)";
			};
			name = Release;
		};
		BF3809E7199FBE3900D6C745 /* Debug */ = {
			isa = XCBuildConfiguration;
			buildSettings = {
				GCC_PREPROCESSOR_DEFINITIONS = (
					"DEBUG=1",
					"$(inherited)",
				);
				PRODUCT_NAME = "$(TARGET_NAME)";
			};
			name = Debug;
		};
		BF3809E8199FBE3900D6C745 /* Release */ = {
			isa = XCBuildConfiguration;
			buildSettings = {
				PRODUCT_NAME = "$(TARGET_NAME)";
			};
			name = Release;
		};
		BF3809F2199FBE6C00D6C745 /* Debug */ = {
			isa = XCBuildConfiguration;
			buildSettings = {
				GCC_PREPROCESSOR_DEFINITIONS = (
					"DEBUG=1",
					"$(inherited)",
				);
				PRODUCT_NAME = "$(TARGET_NAME)";
			};
			name = Debug;
		};
		BF3809F3199FBE6C00D6C745 /* Release */ = {
			isa = XCBuildConfiguration;
			buildSettings = {
				PRODUCT_NAME = "$(TARGET_NAME)";
			};
			name = Release;
		};
		BF380A10199FBFE300D6C745 /* Debug */ = {
			isa = XCBuildConfiguration;
			buildSettings = {
				PRODUCT_NAME = "$(TARGET_NAME)";
			};
			name = Debug;
		};
		BF380A11199FBFE300D6C745 /* Release */ = {
			isa = XCBuildConfiguration;
			buildSettings = {
				PRODUCT_NAME = "$(TARGET_NAME)";
			};
			name = Release;
		};
/* End XCBuildConfiguration section */

/* Begin XCConfigurationList section */
		BF380917199FBCEC00D6C745 /* Build configuration list for PBXProject "avdecc-cmd" */ = {
			isa = XCConfigurationList;
			buildConfigurations = (
				BF38091E199FBCEC00D6C745 /* Debug */,
				BF38091F199FBCEC00D6C745 /* Release */,
			);
			defaultConfigurationIsVisible = 0;
			defaultConfigurationName = Release;
		};
		BF380920199FBCEC00D6C745 /* Build configuration list for PBXNativeTarget "avdecc-cmd" */ = {
			isa = XCConfigurationList;
			buildConfigurations = (
				BF380921199FBCEC00D6C745 /* Debug */,
				BF380922199FBCEC00D6C745 /* Release */,
			);
			defaultConfigurationIsVisible = 0;
			defaultConfigurationName = Release;
		};
		BF3809C5199FBDCB00D6C745 /* Build configuration list for PBXNativeTarget "avdecc-discover" */ = {
			isa = XCConfigurationList;
			buildConfigurations = (
				BF3809C6199FBDCB00D6C745 /* Debug */,
				BF3809C7199FBDCB00D6C745 /* Release */,
			);
			defaultConfigurationIsVisible = 0;
			defaultConfigurationName = Release;
		};
		BF3809D0199FBDD700D6C745 /* Build configuration list for PBXNativeTarget "avdecc-get-control" */ = {
			isa = XCConfigurationList;
			buildConfigurations = (
				BF3809D1199FBDD700D6C745 /* Debug */,
				BF3809D2199FBDD700D6C745 /* Release */,
			);
			defaultConfigurationIsVisible = 0;
			defaultConfigurationName = Release;
		};
		BF3809DB199FBDE500D6C745 /* Build configuration list for PBXNativeTarget "avdecc-read-descriptor" */ = {
			isa = XCConfigurationList;
			buildConfigurations = (
				BF3809DC199FBDE500D6C745 /* Debug */,
				BF3809DD199FBDE500D6C745 /* Release */,
			);
			defaultConfigurationIsVisible = 0;
			defaultConfigurationName = Release;
		};
		BF3809E6199FBE3900D6C745 /* Build configuration list for PBXNativeTarget "avdecc" */ = {
			isa = XCConfigurationList;
			buildConfigurations = (
				BF3809E7199FBE3900D6C745 /* Debug */,
				BF3809E8199FBE3900D6C745 /* Release */,
			);
			defaultConfigurationIsVisible = 0;
			defaultConfigurationName = Release;
		};
		BF3809F1199FBE6C00D6C745 /* Build configuration list for PBXNativeTarget "avdecc-set-control" */ = {
			isa = XCConfigurationList;
			buildConfigurations = (
				BF3809F2199FBE6C00D6C745 /* Debug */,
				BF3809F3199FBE6C00D6C745 /* Release */,
			);
			defaultConfigurationIsVisible = 0;
			defaultConfigurationName = Release;
		};
		BF380A0F199FBFE300D6C745 /* Build configuration list for PBXAggregateTarget "all" */ = {
			isa = XCConfigurationList;
			buildConfigurations = (
				BF380A10199FBFE300D6C745 /* Debug */,
				BF380A11199FBFE300D6C745 /* Release */,
			);
			defaultConfigurationIsVisible = 0;
			defaultConfigurationName = Release;
		};
/* End XCConfigurationList section */
	};
	rootObject = BF380914199FBCEC00D6C745 /* Project object */;
}
